PODS:
  - Alamofire (4.3.0)
  - AlamofireImage (3.2.0):
    - Alamofire (~> 4.1)
  - DateToolsSwift (2.0.3)
  - HanekeSwift (0.10.1)
  - Hue (2.0.1)
  - ImagePicker (2.0.0)
  - JWTDecode (2.0.0)
  - Koloda (4.0):
    - pop (~> 1.0)
  - Lightbox (1.0.0):
    - Hue
  - Onboard (2.3.1)
  - pop (1.0.9)
  - PromiseKit (4.1.4):
    - PromiseKit/Foundation (= 4.1.4)
    - PromiseKit/QuartzCore (= 4.1.4)
    - PromiseKit/UIKit (= 4.1.4)
  - PromiseKit/CorePromise (4.1.4)
  - PromiseKit/Foundation (4.1.4):
    - PromiseKit/CorePromise
  - PromiseKit/QuartzCore (4.1.4):
    - PromiseKit/CorePromise
  - PromiseKit/UIKit (4.1.4):
    - PromiseKit/CorePromise
  - SwifterSwift (1.5)
  - SwiftyJSON (3.1.4)
  - Whisper (4.0.0)

DEPENDENCIES:
  - Alamofire (~> 4.3)
  - AlamofireImage
  - DateToolsSwift (from `https://github.com/MatthewYork/DateTools`, branch `master`)
  - HanekeSwift (from `https://github.com/Haneke/HanekeSwift.git`, branch `feature/swift-3`)
  - ImagePicker
  - JWTDecode
  - Koloda (~> 4.0)
  - Lightbox
  - Onboard
  - PromiseKit (~> 4.0)
  - SwifterSwift
  - SwiftyJSON
  - Whisper

EXTERNAL SOURCES:
  DateToolsSwift:
    :branch: master
    :git: https://github.com/MatthewYork/DateTools
  HanekeSwift:
    :branch: feature/swift-3
    :git: https://github.com/Haneke/HanekeSwift.git

CHECKOUT OPTIONS:
  DateToolsSwift:
    :commit: f64edc01cd77c737ce9a987988b98e59c2b62f0a
    :git: https://github.com/MatthewYork/DateTools
  HanekeSwift:
    :commit: 1157a124ec699f4ad926cb054f1d0bfce88ae7a9
    :git: https://github.com/Haneke/HanekeSwift.git

SPEC CHECKSUMS:
  Alamofire: 856a113053a7bc9cbe5d6367a555d773fc5cfef7
  AlamofireImage: 157ed682cc81d3b9db4fb90c1f12180ac552d93b
  DateToolsSwift: 303a194ec50a5f212abeb8924542c8cc16b04a35
  HanekeSwift: 4113367892828e7700d24a384027de6ebc79aad1
  Hue: 354caec055fdc9d38b5ef33ca2e7224721843baf
  ImagePicker: 81175d36c2852cb543cb4f5d6c19e28f3e8d90eb
  JWTDecode: 178e47e5d28d3abcff778bacced8342858cd6cb5
  Koloda: cb171633afc6182a77821b7951e38b2cb272ba7c
  Lightbox: 13f55a0a840f7945dc5ac87931564e7fe569fca9
  Onboard: b6871f25ac753175b2ab9a362fb2feb26a81a311
  pop: f667631a5108a2e60d9e8797c9b32ddaf2080bce
  PromiseKit: e69aead34c817988ea688b1085aee21300d6dcb8
  SwifterSwift: c612befa8e51b4092d3b41e88cd93f52d0624d9f
  SwiftyJSON: c2842d878f95482ffceec5709abc3d05680c0220
  Whisper: 08be92623311f8e53201e62e17f6d7b9599a4714

PODFILE CHECKSUM: d879f54fa213a8f330431c9ab44b32d8480e1872

COCOAPODS: 1.2.0
