// !$*UTF8*$!
{
	archiveVersion = 1;
	classes = {
	};
	objectVersion = 46;
	objects = {

/* Begin PBXBuildFile section */
		2C8500C032098B53AA1B68F4 /* Pods_YouBreaking.framework in Frameworks */ = {isa = PBXBuildFile; fileRef = 1845C882A6031F13E0052D6E /* Pods_YouBreaking.framework */; };
		6C0897781E44B83A00D3E48F /* MapKit.framework in Frameworks */ = {isa = PBXBuildFile; fileRef = 6C0897771E44B83A00D3E48F /* MapKit.framework */; };
		6C14446A1E54CDBE00E1AC5E /* NavigationRed.swift in Sources */ = {isa = PBXBuildFile; fileRef = 6C1444691E54CDBE00E1AC5E /* NavigationRed.swift */; };
		6C14446C1E54CF1100E1AC5E /* NotizieController.swift in Sources */ = {isa = PBXBuildFile; fileRef = 6C14446B1E54CF1100E1AC5E /* NotizieController.swift */; };
		6C14446E1E54DCFD00E1AC5E /* LaunchScreen.storyboard in Resources */ = {isa = PBXBuildFile; fileRef = 6C14446D1E54DCFD00E1AC5E /* LaunchScreen.storyboard */; };
		6C2D39171E5C479900097881 /* NotiziaCell.xib in Resources */ = {isa = PBXBuildFile; fileRef = 6C2D39151E5C479900097881 /* NotiziaCell.xib */; };
		6C351B3F1E40D8D40057309C /* LoginUtils.swift in Sources */ = {isa = PBXBuildFile; fileRef = 6C351B3E1E40D8D40057309C /* LoginUtils.swift */; };
		6C35FE701E487D0000373DC6 /* EventPageController.swift in Sources */ = {isa = PBXBuildFile; fileRef = 6C35FE6F1E487D0000373DC6 /* EventPageController.swift */; };
		6C35FE741E488EC600373DC6 /* SearchEventController.swift in Sources */ = {isa = PBXBuildFile; fileRef = 6C35FE731E488EC600373DC6 /* SearchEventController.swift */; };
		6C5727231E4B84570047B199 /* SelectLocationSettingsController.swift in Sources */ = {isa = PBXBuildFile; fileRef = 6C5727221E4B84570047B199 /* SelectLocationSettingsController.swift */; };
		6C74C5491E4333B500CE8107 /* ListaNotizieController.swift in Sources */ = {isa = PBXBuildFile; fileRef = 6C74C5481E4333B500CE8107 /* ListaNotizieController.swift */; };
		6C74C54B1E4333D000CE8107 /* NotiziaCell.swift in Sources */ = {isa = PBXBuildFile; fileRef = 6C74C54A1E4333D000CE8107 /* NotiziaCell.swift */; };
		6C74C54D1E43347100CE8107 /* ModelNotizie.swift in Sources */ = {isa = PBXBuildFile; fileRef = 6C74C54C1E43347100CE8107 /* ModelNotizie.swift */; };
		6C74C54F1E433DE700CE8107 /* Images.swift in Sources */ = {isa = PBXBuildFile; fileRef = 6C74C54E1E433DE700CE8107 /* Images.swift */; };
		6C74C5511E433FEC00CE8107 /* MainTabBarController.swift in Sources */ = {isa = PBXBuildFile; fileRef = 6C74C5501E433FEC00CE8107 /* MainTabBarController.swift */; };
		6C74C5531E43407500CE8107 /* ScriviNotiziaController.swift in Sources */ = {isa = PBXBuildFile; fileRef = 6C74C5521E43407500CE8107 /* ScriviNotiziaController.swift */; };
		6C7C927F1E4CA5C900CA0DA7 /* Colors.swift in Sources */ = {isa = PBXBuildFile; fileRef = 6C7C927E1E4CA5C900CA0DA7 /* Colors.swift */; };
		6C7D6BBB1E7AEBB700A32FCD /* NewsUsersTableViewController.swift in Sources */ = {isa = PBXBuildFile; fileRef = 6C7D6BBA1E7AEBB700A32FCD /* NewsUsersTableViewController.swift */; };
		6C7D6BBD1E7B124E00A32FCD /* NewsInfoViewController.swift in Sources */ = {isa = PBXBuildFile; fileRef = 6C7D6BBC1E7B124E00A32FCD /* NewsInfoViewController.swift */; };
		6C7E637C1E81678C00DA471D /* Assets.xcassets in Resources */ = {isa = PBXBuildFile; fileRef = 6C7E637B1E81678C00DA471D /* Assets.xcassets */; };
		6C84E3FF1E7803BC00871F9A /* ListTableViewProtocol.swift in Sources */ = {isa = PBXBuildFile; fileRef = 6C84E3FE1E7803BC00871F9A /* ListTableViewProtocol.swift */; };
		6C84E4011E78065000871F9A /* Extensions.swift in Sources */ = {isa = PBXBuildFile; fileRef = 6C84E4001E78065000871F9A /* Extensions.swift */; };
		6C84E4051E7807C000871F9A /* UserPublishedNewsController.swift in Sources */ = {isa = PBXBuildFile; fileRef = 6C84E4041E7807C000871F9A /* UserPublishedNewsController.swift */; };
		6C84E4071E78082800871F9A /* PagedTableController.swift in Sources */ = {isa = PBXBuildFile; fileRef = 6C84E4061E78082800871F9A /* PagedTableController.swift */; };
		6C84E40A1E780B8800871F9A /* UserPublishedNotiziaCell.swift in Sources */ = {isa = PBXBuildFile; fileRef = 6C84E4091E780B8800871F9A /* UserPublishedNotiziaCell.swift */; };
		6C8D99741E5D949700D1C60C /* Single.storyboard in Resources */ = {isa = PBXBuildFile; fileRef = 6C8D99721E5D949700D1C60C /* Single.storyboard */; };
		6C8D99761E5D950900D1C60C /* Vota.storyboard in Resources */ = {isa = PBXBuildFile; fileRef = 6C8D99751E5D950900D1C60C /* Vota.storyboard */; };
		6C8D99781E5DA70E00D1C60C /* MapSearchLocationController.swift in Sources */ = {isa = PBXBuildFile; fileRef = 6C8D99771E5DA70E00D1C60C /* MapSearchLocationController.swift */; };
		6C8D997A1E5DAF2B00D1C60C /* LocationSearchTable.swift in Sources */ = {isa = PBXBuildFile; fileRef = 6C8D99791E5DAF2B00D1C60C /* LocationSearchTable.swift */; };
		6C8E50AA1E4B13040013B8E8 /* SettingsController.swift in Sources */ = {isa = PBXBuildFile; fileRef = 6C8E50A91E4B13040013B8E8 /* SettingsController.swift */; };
		6C91881C1E48C4FB00FA7311 /* Info_Production.plist in Resources */ = {isa = PBXBuildFile; fileRef = 6C91881B1E48C4FB00FA7311 /* Info_Production.plist */; };
		6C97E7611E3F89B8002E57C6 /* FBSDKLoginKit.framework in Frameworks */ = {isa = PBXBuildFile; fileRef = 6C97E7601E3F89B8002E57C6 /* FBSDKLoginKit.framework */; };
		6C97E7641E3F8E6E002E57C6 /* FBSDKCoreKit.framework in Frameworks */ = {isa = PBXBuildFile; fileRef = 6C97E7621E3F8E6D002E57C6 /* FBSDKCoreKit.framework */; };
		6C97E7651E3F8E6E002E57C6 /* FBSDKShareKit.framework in Frameworks */ = {isa = PBXBuildFile; fileRef = 6C97E7631E3F8E6E002E57C6 /* FBSDKShareKit.framework */; };
		6C9F2D3C1E41E89B0002C782 /* Landing.storyboard in Resources */ = {isa = PBXBuildFile; fileRef = 6C9F2D3A1E41E89B0002C782 /* Landing.storyboard */; };
		6CA0E7221E44EC3E0086D9BB /* VotaController.swift in Sources */ = {isa = PBXBuildFile; fileRef = 6CA0E7211E44EC3E0086D9BB /* VotaController.swift */; };
		6CA0E7261E44EF930086D9BB /* VoteCard.swift in Sources */ = {isa = PBXBuildFile; fileRef = 6CA0E7251E44EF930086D9BB /* VoteCard.swift */; };
		6CA0E7281E44EFA50086D9BB /* VoteCard.xib in Resources */ = {isa = PBXBuildFile; fileRef = 6CA0E7271E44EFA50086D9BB /* VoteCard.xib */; };
		6CA5012C1E798CDA0098CAE9 /* Protocols.swift in Sources */ = {isa = PBXBuildFile; fileRef = 6CA5012B1E798CDA0098CAE9 /* Protocols.swift */; };
		6CA7373D1E7BF2E2002AA51E /* AuthorViewController.swift in Sources */ = {isa = PBXBuildFile; fileRef = 6CA7373C1E7BF2E2002AA51E /* AuthorViewController.swift */; };
		6CA7373F1E7BF944002AA51E /* SelectAuthorSectionsTableViewController.swift in Sources */ = {isa = PBXBuildFile; fileRef = 6CA7373E1E7BF944002AA51E /* SelectAuthorSectionsTableViewController.swift */; };
		6CA737411E7BF9B3002AA51E /* UserListaNotiziaController.swift in Sources */ = {isa = PBXBuildFile; fileRef = 6CA737401E7BF9B3002AA51E /* UserListaNotiziaController.swift */; };
		6CA737431E7C265D002AA51E /* BreakingController.swift in Sources */ = {isa = PBXBuildFile; fileRef = 6CA737421E7C265D002AA51E /* BreakingController.swift */; };
		6CA737451E7C287B002AA51E /* Enums.swift in Sources */ = {isa = PBXBuildFile; fileRef = 6CA737441E7C287B002AA51E /* Enums.swift */; };
		6CA7374A1E7C377D002AA51E /* LoginViewController.swift in Sources */ = {isa = PBXBuildFile; fileRef = 6CA737491E7C377D002AA51E /* LoginViewController.swift */; };
		6CCF4F251E65CF5900842585 /* NewsController.swift in Sources */ = {isa = PBXBuildFile; fileRef = 6CCF4F241E65CF5900842585 /* NewsController.swift */; };
		6CCF4F271E65D0EC00842585 /* NewsPagesController.swift in Sources */ = {isa = PBXBuildFile; fileRef = 6CCF4F261E65D0EC00842585 /* NewsPagesController.swift */; };
		6CCF4F291E65D58500842585 /* NewsTextTableViewController.swift in Sources */ = {isa = PBXBuildFile; fileRef = 6CCF4F281E65D58500842585 /* NewsTextTableViewController.swift */; };
		6CD1D5721E3F86AF00C3208D /* AppDelegate.swift in Sources */ = {isa = PBXBuildFile; fileRef = 6CD1D5711E3F86AF00C3208D /* AppDelegate.swift */; };
		6CE147621E51BDBA00E22AB3 /* ListaNotizieGiaVotateController.swift in Sources */ = {isa = PBXBuildFile; fileRef = 6CE147611E51BDBA00E22AB3 /* ListaNotizieGiaVotateController.swift */; };
		6CE26B931E5DE9D6005F73D8 /* LocationPicker.storyboard in Resources */ = {isa = PBXBuildFile; fileRef = 6CE26B911E5DE9D6005F73D8 /* LocationPicker.storyboard */; };
		6CE57A3D1E5B0075003F3EB1 /* SelectPhotoCell.swift in Sources */ = {isa = PBXBuildFile; fileRef = 6CE57A3B1E5B0075003F3EB1 /* SelectPhotoCell.swift */; };
		6CE57A3E1E5B0075003F3EB1 /* SelectPhotoCell.xib in Resources */ = {isa = PBXBuildFile; fileRef = 6CE57A3C1E5B0075003F3EB1 /* SelectPhotoCell.xib */; };
		6CF47D0D1E4CC68600BE5F08 /* Main.storyboard in Resources */ = {isa = PBXBuildFile; fileRef = 6CF47D0B1E4CC68600BE5F08 /* Main.storyboard */; };
/* End PBXBuildFile section */

/* Begin PBXFileReference section */
		1845C882A6031F13E0052D6E /* Pods_YouBreaking.framework */ = {isa = PBXFileReference; explicitFileType = wrapper.framework; includeInIndex = 0; path = Pods_YouBreaking.framework; sourceTree = BUILT_PRODUCTS_DIR; };
		2D6076F57279064C932A81D1 /* Pods-YouBreaking.debug.xcconfig */ = {isa = PBXFileReference; includeInIndex = 1; lastKnownFileType = text.xcconfig; name = "Pods-YouBreaking.debug.xcconfig"; path = "Pods/Target Support Files/Pods-YouBreaking/Pods-YouBreaking.debug.xcconfig"; sourceTree = "<group>"; };
		6C0897771E44B83A00D3E48F /* MapKit.framework */ = {isa = PBXFileReference; lastKnownFileType = wrapper.framework; name = MapKit.framework; path = System/Library/Frameworks/MapKit.framework; sourceTree = SDKROOT; };
		6C1444691E54CDBE00E1AC5E /* NavigationRed.swift */ = {isa = PBXFileReference; fileEncoding = 4; lastKnownFileType = sourcecode.swift; name = NavigationRed.swift; path = Controllers/NavigationRed.swift; sourceTree = "<group>"; };
		6C14446B1E54CF1100E1AC5E /* NotizieController.swift */ = {isa = PBXFileReference; fileEncoding = 4; lastKnownFileType = sourcecode.swift; name = NotizieController.swift; path = Controllers/NotizieController.swift; sourceTree = "<group>"; };
		6C14446D1E54DCFD00E1AC5E /* LaunchScreen.storyboard */ = {isa = PBXFileReference; fileEncoding = 4; lastKnownFileType = file.storyboard; name = LaunchScreen.storyboard; path = Views/LaunchScreen.storyboard; sourceTree = "<group>"; };
		6C2D39151E5C479900097881 /* NotiziaCell.xib */ = {isa = PBXFileReference; fileEncoding = 4; lastKnownFileType = file.xib; name = NotiziaCell.xib; path = Views/NotiziaCell.xib; sourceTree = "<group>"; };
		6C351B3E1E40D8D40057309C /* LoginUtils.swift */ = {isa = PBXFileReference; fileEncoding = 4; lastKnownFileType = sourcecode.swift; name = LoginUtils.swift; path = Utilities/LoginUtils.swift; sourceTree = "<group>"; };
		6C35FE6F1E487D0000373DC6 /* EventPageController.swift */ = {isa = PBXFileReference; fileEncoding = 4; lastKnownFileType = sourcecode.swift; name = EventPageController.swift; path = Controllers/EventPageController.swift; sourceTree = "<group>"; };
		6C35FE731E488EC600373DC6 /* SearchEventController.swift */ = {isa = PBXFileReference; fileEncoding = 4; lastKnownFileType = sourcecode.swift; name = SearchEventController.swift; path = Controllers/SearchEventController.swift; sourceTree = "<group>"; };
		6C5727211E4B83A50047B199 /* YouBreaking.entitlements */ = {isa = PBXFileReference; lastKnownFileType = text.plist.entitlements; path = YouBreaking.entitlements; sourceTree = "<group>"; };
		6C5727221E4B84570047B199 /* SelectLocationSettingsController.swift */ = {isa = PBXFileReference; fileEncoding = 4; lastKnownFileType = sourcecode.swift; name = SelectLocationSettingsController.swift; path = Controllers/SelectLocationSettingsController.swift; sourceTree = "<group>"; };
		6C74C5481E4333B500CE8107 /* ListaNotizieController.swift */ = {isa = PBXFileReference; fileEncoding = 4; lastKnownFileType = sourcecode.swift; name = ListaNotizieController.swift; path = Controllers/ListaNotizieController.swift; sourceTree = "<group>"; };
		6C74C54A1E4333D000CE8107 /* NotiziaCell.swift */ = {isa = PBXFileReference; fileEncoding = 4; lastKnownFileType = sourcecode.swift; name = NotiziaCell.swift; path = Views/NotiziaCell.swift; sourceTree = "<group>"; };
		6C74C54C1E43347100CE8107 /* ModelNotizie.swift */ = {isa = PBXFileReference; fileEncoding = 4; lastKnownFileType = sourcecode.swift; name = ModelNotizie.swift; path = Utilities/ModelNotizie.swift; sourceTree = "<group>"; };
		6C74C54E1E433DE700CE8107 /* Images.swift */ = {isa = PBXFileReference; fileEncoding = 4; lastKnownFileType = sourcecode.swift; path = Images.swift; sourceTree = "<group>"; };
		6C74C5501E433FEC00CE8107 /* MainTabBarController.swift */ = {isa = PBXFileReference; fileEncoding = 4; lastKnownFileType = sourcecode.swift; name = MainTabBarController.swift; path = Controllers/MainTabBarController.swift; sourceTree = "<group>"; };
		6C74C5521E43407500CE8107 /* ScriviNotiziaController.swift */ = {isa = PBXFileReference; fileEncoding = 4; lastKnownFileType = sourcecode.swift; name = ScriviNotiziaController.swift; path = Controllers/ScriviNotiziaController.swift; sourceTree = "<group>"; };
		6C7C927E1E4CA5C900CA0DA7 /* Colors.swift */ = {isa = PBXFileReference; fileEncoding = 4; lastKnownFileType = sourcecode.swift; name = Colors.swift; path = Utilities/Colors.swift; sourceTree = "<group>"; };
		6C7D6BBA1E7AEBB700A32FCD /* NewsUsersTableViewController.swift */ = {isa = PBXFileReference; fileEncoding = 4; lastKnownFileType = sourcecode.swift; name = NewsUsersTableViewController.swift; path = Controllers/NewsUsersTableViewController.swift; sourceTree = "<group>"; };
		6C7D6BBC1E7B124E00A32FCD /* NewsInfoViewController.swift */ = {isa = PBXFileReference; fileEncoding = 4; lastKnownFileType = sourcecode.swift; name = NewsInfoViewController.swift; path = Controllers/NewsInfoViewController.swift; sourceTree = "<group>"; };
		6C7E637B1E81678C00DA471D /* Assets.xcassets */ = {isa = PBXFileReference; lastKnownFileType = folder.assetcatalog; path = Assets.xcassets; sourceTree = "<group>"; };
		6C84E3FE1E7803BC00871F9A /* ListTableViewProtocol.swift */ = {isa = PBXFileReference; fileEncoding = 4; lastKnownFileType = sourcecode.swift; path = ListTableViewProtocol.swift; sourceTree = "<group>"; };
		6C84E4001E78065000871F9A /* Extensions.swift */ = {isa = PBXFileReference; fileEncoding = 4; lastKnownFileType = sourcecode.swift; path = Extensions.swift; sourceTree = "<group>"; };
		6C84E4041E7807C000871F9A /* UserPublishedNewsController.swift */ = {isa = PBXFileReference; fileEncoding = 4; lastKnownFileType = sourcecode.swift; name = UserPublishedNewsController.swift; path = Controllers/UserPublishedNewsController.swift; sourceTree = "<group>"; };
		6C84E4061E78082800871F9A /* PagedTableController.swift */ = {isa = PBXFileReference; fileEncoding = 4; lastKnownFileType = sourcecode.swift; name = PagedTableController.swift; path = Controllers/PagedTableController.swift; sourceTree = "<group>"; };
		6C84E4091E780B8800871F9A /* UserPublishedNotiziaCell.swift */ = {isa = PBXFileReference; fileEncoding = 4; lastKnownFileType = sourcecode.swift; path = UserPublishedNotiziaCell.swift; sourceTree = "<group>"; };
		6C8D99731E5D949700D1C60C /* Base */ = {isa = PBXFileReference; lastKnownFileType = file.storyboard; name = Base; path = Base.lproj/Single.storyboard; sourceTree = "<group>"; };
		6C8D99751E5D950900D1C60C /* Vota.storyboard */ = {isa = PBXFileReference; fileEncoding = 4; lastKnownFileType = file.storyboard; path = Vota.storyboard; sourceTree = "<group>"; };
		6C8D99771E5DA70E00D1C60C /* MapSearchLocationController.swift */ = {isa = PBXFileReference; fileEncoding = 4; lastKnownFileType = sourcecode.swift; name = MapSearchLocationController.swift; path = Controllers/MapSearchLocationController.swift; sourceTree = "<group>"; };
		6C8D99791E5DAF2B00D1C60C /* LocationSearchTable.swift */ = {isa = PBXFileReference; fileEncoding = 4; lastKnownFileType = sourcecode.swift; path = LocationSearchTable.swift; sourceTree = "<group>"; };
		6C8E50A91E4B13040013B8E8 /* SettingsController.swift */ = {isa = PBXFileReference; fileEncoding = 4; lastKnownFileType = sourcecode.swift; name = SettingsController.swift; path = Controllers/SettingsController.swift; sourceTree = "<group>"; };
		6C91881B1E48C4FB00FA7311 /* Info_Production.plist */ = {isa = PBXFileReference; fileEncoding = 4; lastKnownFileType = text.plist.xml; path = Info_Production.plist; sourceTree = "<group>"; };
		6C97E7601E3F89B8002E57C6 /* FBSDKLoginKit.framework */ = {isa = PBXFileReference; lastKnownFileType = wrapper.framework; path = FBSDKLoginKit.framework; sourceTree = "<group>"; };
		6C97E7621E3F8E6D002E57C6 /* FBSDKCoreKit.framework */ = {isa = PBXFileReference; lastKnownFileType = wrapper.framework; path = FBSDKCoreKit.framework; sourceTree = "<group>"; };
		6C97E7631E3F8E6E002E57C6 /* FBSDKShareKit.framework */ = {isa = PBXFileReference; lastKnownFileType = wrapper.framework; path = FBSDKShareKit.framework; sourceTree = "<group>"; };
		6C9F2D3B1E41E89B0002C782 /* Base */ = {isa = PBXFileReference; lastKnownFileType = file.storyboard; name = Base; path = Base.lproj/Landing.storyboard; sourceTree = "<group>"; };
		6CA0E7211E44EC3E0086D9BB /* VotaController.swift */ = {isa = PBXFileReference; fileEncoding = 4; lastKnownFileType = sourcecode.swift; name = VotaController.swift; path = Controllers/VotaController.swift; sourceTree = "<group>"; };
		6CA0E7251E44EF930086D9BB /* VoteCard.swift */ = {isa = PBXFileReference; fileEncoding = 4; lastKnownFileType = sourcecode.swift; name = VoteCard.swift; path = Views/VoteCard.swift; sourceTree = "<group>"; };
		6CA0E7271E44EFA50086D9BB /* VoteCard.xib */ = {isa = PBXFileReference; fileEncoding = 4; lastKnownFileType = file.xib; name = VoteCard.xib; path = Views/VoteCard.xib; sourceTree = "<group>"; };
		6CA5012B1E798CDA0098CAE9 /* Protocols.swift */ = {isa = PBXFileReference; fileEncoding = 4; lastKnownFileType = sourcecode.swift; path = Protocols.swift; sourceTree = "<group>"; };
		6CA7373C1E7BF2E2002AA51E /* AuthorViewController.swift */ = {isa = PBXFileReference; fileEncoding = 4; lastKnownFileType = sourcecode.swift; name = AuthorViewController.swift; path = Controllers/AuthorViewController.swift; sourceTree = "<group>"; };
		6CA7373E1E7BF944002AA51E /* SelectAuthorSectionsTableViewController.swift */ = {isa = PBXFileReference; fileEncoding = 4; lastKnownFileType = sourcecode.swift; name = SelectAuthorSectionsTableViewController.swift; path = Controllers/SelectAuthorSectionsTableViewController.swift; sourceTree = "<group>"; };
		6CA737401E7BF9B3002AA51E /* UserListaNotiziaController.swift */ = {isa = PBXFileReference; fileEncoding = 4; lastKnownFileType = sourcecode.swift; name = UserListaNotiziaController.swift; path = Controllers/UserListaNotiziaController.swift; sourceTree = "<group>"; };
		6CA737421E7C265D002AA51E /* BreakingController.swift */ = {isa = PBXFileReference; fileEncoding = 4; lastKnownFileType = sourcecode.swift; name = BreakingController.swift; path = Controllers/BreakingController.swift; sourceTree = "<group>"; };
		6CA737441E7C287B002AA51E /* Enums.swift */ = {isa = PBXFileReference; fileEncoding = 4; lastKnownFileType = sourcecode.swift; path = Enums.swift; sourceTree = "<group>"; };
		6CA737491E7C377D002AA51E /* LoginViewController.swift */ = {isa = PBXFileReference; fileEncoding = 4; lastKnownFileType = sourcecode.swift; path = LoginViewController.swift; sourceTree = "<group>"; };
		6CCF4F241E65CF5900842585 /* NewsController.swift */ = {isa = PBXFileReference; fileEncoding = 4; lastKnownFileType = sourcecode.swift; name = NewsController.swift; path = Controllers/NewsController.swift; sourceTree = "<group>"; };
		6CCF4F261E65D0EC00842585 /* NewsPagesController.swift */ = {isa = PBXFileReference; fileEncoding = 4; lastKnownFileType = sourcecode.swift; path = NewsPagesController.swift; sourceTree = "<group>"; };
		6CCF4F281E65D58500842585 /* NewsTextTableViewController.swift */ = {isa = PBXFileReference; fileEncoding = 4; lastKnownFileType = sourcecode.swift; name = NewsTextTableViewController.swift; path = Controllers/NewsTextTableViewController.swift; sourceTree = "<group>"; };
		6CD1D56E1E3F86AF00C3208D /* YouBreaking.app */ = {isa = PBXFileReference; explicitFileType = wrapper.application; includeInIndex = 0; path = YouBreaking.app; sourceTree = BUILT_PRODUCTS_DIR; };
		6CD1D5711E3F86AF00C3208D /* AppDelegate.swift */ = {isa = PBXFileReference; lastKnownFileType = sourcecode.swift; path = AppDelegate.swift; sourceTree = "<group>"; };
		6CD1D57D1E3F86AF00C3208D /* Info.plist */ = {isa = PBXFileReference; lastKnownFileType = text.plist.xml; path = Info.plist; sourceTree = "<group>"; };
		6CE147611E51BDBA00E22AB3 /* ListaNotizieGiaVotateController.swift */ = {isa = PBXFileReference; fileEncoding = 4; lastKnownFileType = sourcecode.swift; name = ListaNotizieGiaVotateController.swift; path = Controllers/ListaNotizieGiaVotateController.swift; sourceTree = "<group>"; };
		6CE26B921E5DE9D6005F73D8 /* Base */ = {isa = PBXFileReference; lastKnownFileType = file.storyboard; name = Base; path = Base.lproj/LocationPicker.storyboard; sourceTree = "<group>"; };
		6CE57A3B1E5B0075003F3EB1 /* SelectPhotoCell.swift */ = {isa = PBXFileReference; fileEncoding = 4; lastKnownFileType = sourcecode.swift; name = SelectPhotoCell.swift; path = Views/SelectPhotoCell.swift; sourceTree = "<group>"; };
		6CE57A3C1E5B0075003F3EB1 /* SelectPhotoCell.xib */ = {isa = PBXFileReference; fileEncoding = 4; lastKnownFileType = file.xib; name = SelectPhotoCell.xib; path = Views/SelectPhotoCell.xib; sourceTree = "<group>"; };
		6CF47D0C1E4CC68600BE5F08 /* Base */ = {isa = PBXFileReference; lastKnownFileType = file.storyboard; name = Base; path = Base.lproj/Main.storyboard; sourceTree = "<group>"; };
		B0758A2356D1775863692479 /* Pods-YouBreaking.release.xcconfig */ = {isa = PBXFileReference; includeInIndex = 1; lastKnownFileType = text.xcconfig; name = "Pods-YouBreaking.release.xcconfig"; path = "Pods/Target Support Files/Pods-YouBreaking/Pods-YouBreaking.release.xcconfig"; sourceTree = "<group>"; };
/* End PBXFileReference section */

/* Begin PBXFrameworksBuildPhase section */
		6CD1D56B1E3F86AF00C3208D /* Frameworks */ = {
			isa = PBXFrameworksBuildPhase;
			buildActionMask = 2147483647;
			files = (
				6C97E7651E3F8E6E002E57C6 /* FBSDKShareKit.framework in Frameworks */,
				6C97E7611E3F89B8002E57C6 /* FBSDKLoginKit.framework in Frameworks */,
				6C0897781E44B83A00D3E48F /* MapKit.framework in Frameworks */,
				6C97E7641E3F8E6E002E57C6 /* FBSDKCoreKit.framework in Frameworks */,
				2C8500C032098B53AA1B68F4 /* Pods_YouBreaking.framework in Frameworks */,
			);
			runOnlyForDeploymentPostprocessing = 0;
		};
/* End PBXFrameworksBuildPhase section */

/* Begin PBXGroup section */
		1F01CC7D01679D5CD8D12935 /* Frameworks */ = {
			isa = PBXGroup;
			children = (
				6C0897771E44B83A00D3E48F /* MapKit.framework */,
				6C97E7621E3F8E6D002E57C6 /* FBSDKCoreKit.framework */,
				6C97E7631E3F8E6E002E57C6 /* FBSDKShareKit.framework */,
				6C97E7601E3F89B8002E57C6 /* FBSDKLoginKit.framework */,
				1845C882A6031F13E0052D6E /* Pods_YouBreaking.framework */,
			);
			name = Frameworks;
			sourceTree = "<group>";
		};
		6C7C927B1E4CA56D00CA0DA7 /* Controllers */ = {
			isa = PBXGroup;
			children = (
				6CA737491E7C377D002AA51E /* LoginViewController.swift */,
				6CA737421E7C265D002AA51E /* BreakingController.swift */,
				6C84E4081E7809F500871F9A /* Table Views */,
				6C8D99771E5DA70E00D1C60C /* MapSearchLocationController.swift */,
				6C8D99791E5DAF2B00D1C60C /* LocationSearchTable.swift */,
				6C8E50A91E4B13040013B8E8 /* SettingsController.swift */,
				6C5727221E4B84570047B199 /* SelectLocationSettingsController.swift */,
				6C7D6BBE1E7B126800A32FCD /* Single News */,
				6CA737471E7C2CB7002AA51E /* Author Section */,
				6C74C5521E43407500CE8107 /* ScriviNotiziaController.swift */,
				6C74C5501E433FEC00CE8107 /* MainTabBarController.swift */,
				6C35FE731E488EC600373DC6 /* SearchEventController.swift */,
				6C1444691E54CDBE00E1AC5E /* NavigationRed.swift */,
				6CA0E7211E44EC3E0086D9BB /* VotaController.swift */,
			);
			name = Controllers;
			sourceTree = "<group>";
		};
		6C7C927C1E4CA57C00CA0DA7 /* Cells */ = {
			isa = PBXGroup;
			children = (
				6C84E4091E780B8800871F9A /* UserPublishedNotiziaCell.swift */,
				6CE57A3B1E5B0075003F3EB1 /* SelectPhotoCell.swift */,
				6CA0E7251E44EF930086D9BB /* VoteCard.swift */,
				6C74C54A1E4333D000CE8107 /* NotiziaCell.swift */,
			);
			name = Cells;
			sourceTree = "<group>";
		};
		6C7C927D1E4CA59C00CA0DA7 /* Xib */ = {
			isa = PBXGroup;
			children = (
				6C2D39151E5C479900097881 /* NotiziaCell.xib */,
				6C14446D1E54DCFD00E1AC5E /* LaunchScreen.storyboard */,
				6CE57A3C1E5B0075003F3EB1 /* SelectPhotoCell.xib */,
				6CA0E7271E44EFA50086D9BB /* VoteCard.xib */,
				6C9F2D3A1E41E89B0002C782 /* Landing.storyboard */,
				6CF47D0B1E4CC68600BE5F08 /* Main.storyboard */,
				6CE26B911E5DE9D6005F73D8 /* LocationPicker.storyboard */,
				6C8D99751E5D950900D1C60C /* Vota.storyboard */,
				6C8D99721E5D949700D1C60C /* Single.storyboard */,
			);
			name = Xib;
			sourceTree = "<group>";
		};
		6C7D6BBE1E7B126800A32FCD /* Single News */ = {
			isa = PBXGroup;
			children = (
				6CCF4F241E65CF5900842585 /* NewsController.swift */,
				6CCF4F261E65D0EC00842585 /* NewsPagesController.swift */,
				6CCF4F281E65D58500842585 /* NewsTextTableViewController.swift */,
				6C7D6BBC1E7B124E00A32FCD /* NewsInfoViewController.swift */,
				6C7D6BBA1E7AEBB700A32FCD /* NewsUsersTableViewController.swift */,
			);
			name = "Single News";
			sourceTree = "<group>";
		};
		6C84E4081E7809F500871F9A /* Table Views */ = {
			isa = PBXGroup;
			children = (
				6C84E3FE1E7803BC00871F9A /* ListTableViewProtocol.swift */,
				6C84E4061E78082800871F9A /* PagedTableController.swift */,
				6C14446B1E54CF1100E1AC5E /* NotizieController.swift */,
				6C74C5481E4333B500CE8107 /* ListaNotizieController.swift */,
				6CA737401E7BF9B3002AA51E /* UserListaNotiziaController.swift */,
				6C35FE6F1E487D0000373DC6 /* EventPageController.swift */,
				6CE147611E51BDBA00E22AB3 /* ListaNotizieGiaVotateController.swift */,
				6C84E4041E7807C000871F9A /* UserPublishedNewsController.swift */,
			);
			name = "Table Views";
			sourceTree = "<group>";
		};
		6CA737471E7C2CB7002AA51E /* Author Section */ = {
			isa = PBXGroup;
			children = (
				6CA7373C1E7BF2E2002AA51E /* AuthorViewController.swift */,
				6CA7373E1E7BF944002AA51E /* SelectAuthorSectionsTableViewController.swift */,
			);
			name = "Author Section";
			sourceTree = "<group>";
		};
		6CA737481E7C2E54002AA51E /* Utils */ = {
			isa = PBXGroup;
			children = (
				6CA5012B1E798CDA0098CAE9 /* Protocols.swift */,
				6C84E4001E78065000871F9A /* Extensions.swift */,
				6CA737441E7C287B002AA51E /* Enums.swift */,
				6C74C54E1E433DE700CE8107 /* Images.swift */,
				6C7C927E1E4CA5C900CA0DA7 /* Colors.swift */,
			);
			name = Utils;
			sourceTree = "<group>";
		};
		6CD1D5651E3F86AF00C3208D = {
			isa = PBXGroup;
			children = (
				6CD1D5701E3F86AF00C3208D /* YouBreaking */,
				6CD1D56F1E3F86AF00C3208D /* Products */,
				83F9BF55E074B6276827954A /* Pods */,
				1F01CC7D01679D5CD8D12935 /* Frameworks */,
			);
			sourceTree = "<group>";
		};
		6CD1D56F1E3F86AF00C3208D /* Products */ = {
			isa = PBXGroup;
			children = (
				6CD1D56E1E3F86AF00C3208D /* YouBreaking.app */,
			);
			name = Products;
			sourceTree = "<group>";
		};
		6CD1D5701E3F86AF00C3208D /* YouBreaking */ = {
			isa = PBXGroup;
			children = (
				6CD1D5711E3F86AF00C3208D /* AppDelegate.swift */,
				6C5727211E4B83A50047B199 /* YouBreaking.entitlements */,
				6CA737481E7C2E54002AA51E /* Utils */,
				6C7C927C1E4CA57C00CA0DA7 /* Cells */,
				6C7C927B1E4CA56D00CA0DA7 /* Controllers */,
				6C7C927D1E4CA59C00CA0DA7 /* Xib */,
				6C74C54C1E43347100CE8107 /* ModelNotizie.swift */,
				6C351B3E1E40D8D40057309C /* LoginUtils.swift */,
				6C7E637B1E81678C00DA471D /* Assets.xcassets */,
				6CD1D57D1E3F86AF00C3208D /* Info.plist */,
				6C91881B1E48C4FB00FA7311 /* Info_Production.plist */,
			);
			path = YouBreaking;
			sourceTree = "<group>";
		};
		83F9BF55E074B6276827954A /* Pods */ = {
			isa = PBXGroup;
			children = (
				2D6076F57279064C932A81D1 /* Pods-YouBreaking.debug.xcconfig */,
				B0758A2356D1775863692479 /* Pods-YouBreaking.release.xcconfig */,
			);
			name = Pods;
			sourceTree = "<group>";
		};
/* End PBXGroup section */

/* Begin PBXNativeTarget section */
		6CD1D56D1E3F86AF00C3208D /* YouBreaking */ = {
			isa = PBXNativeTarget;
			buildConfigurationList = 6CD1D5801E3F86AF00C3208D /* Build configuration list for PBXNativeTarget "YouBreaking" */;
			buildPhases = (
				72E2A8A099B0A9A23F34A047 /* [CP] Check Pods Manifest.lock */,
				6CD1D56A1E3F86AF00C3208D /* Sources */,
				6CD1D56B1E3F86AF00C3208D /* Frameworks */,
				6CD1D56C1E3F86AF00C3208D /* Resources */,
				D2CB3D7C455B6DB7CDF82915 /* [CP] Embed Pods Frameworks */,
				E69AE55CCD52BF86D2446273 /* [CP] Copy Pods Resources */,
				6C279CEE1E54805E00331C23 /* Increment Build Number */,
			);
			buildRules = (
			);
			dependencies = (
			);
			name = YouBreaking;
			productName = YouBreaking;
			productReference = 6CD1D56E1E3F86AF00C3208D /* YouBreaking.app */;
			productType = "com.apple.product-type.application";
		};
/* End PBXNativeTarget section */

/* Begin PBXProject section */
		6CD1D5661E3F86AF00C3208D /* Project object */ = {
			isa = PBXProject;
			attributes = {
				LastSwiftUpdateCheck = 0820;
				LastUpgradeCheck = 0820;
				ORGANIZATIONNAME = "Giorgio Romano";
				TargetAttributes = {
					6CD1D56D1E3F86AF00C3208D = {
						CreatedOnToolsVersion = 8.2.1;
						DevelopmentTeam = 33VGWYZGV4;
						ProvisioningStyle = Automatic;
						SystemCapabilities = {
							com.apple.Maps.iOS = {
								enabled = 1;
							};
							com.apple.Push = {
								enabled = 1;
							};
						};
					};
				};
			};
			buildConfigurationList = 6CD1D5691E3F86AF00C3208D /* Build configuration list for PBXProject "YouBreaking" */;
			compatibilityVersion = "Xcode 3.2";
			developmentRegion = English;
			hasScannedForEncodings = 0;
			knownRegions = (
				en,
				Base,
			);
			mainGroup = 6CD1D5651E3F86AF00C3208D;
			productRefGroup = 6CD1D56F1E3F86AF00C3208D /* Products */;
			projectDirPath = "";
			projectRoot = "";
			targets = (
				6CD1D56D1E3F86AF00C3208D /* YouBreaking */,
			);
		};
/* End PBXProject section */

/* Begin PBXResourcesBuildPhase section */
		6CD1D56C1E3F86AF00C3208D /* Resources */ = {
			isa = PBXResourcesBuildPhase;
			buildActionMask = 2147483647;
			files = (
				6CE26B931E5DE9D6005F73D8 /* LocationPicker.storyboard in Resources */,
				6C9F2D3C1E41E89B0002C782 /* Landing.storyboard in Resources */,
				6C7E637C1E81678C00DA471D /* Assets.xcassets in Resources */,
				6C8D99741E5D949700D1C60C /* Single.storyboard in Resources */,
				6CE57A3E1E5B0075003F3EB1 /* SelectPhotoCell.xib in Resources */,
				6CF47D0D1E4CC68600BE5F08 /* Main.storyboard in Resources */,
				6C14446E1E54DCFD00E1AC5E /* LaunchScreen.storyboard in Resources */,
				6C2D39171E5C479900097881 /* NotiziaCell.xib in Resources */,
				6CA0E7281E44EFA50086D9BB /* VoteCard.xib in Resources */,
				6C8D99761E5D950900D1C60C /* Vota.storyboard in Resources */,
				6C91881C1E48C4FB00FA7311 /* Info_Production.plist in Resources */,
			);
			runOnlyForDeploymentPostprocessing = 0;
		};
/* End PBXResourcesBuildPhase section */

/* Begin PBXShellScriptBuildPhase section */
		6C279CEE1E54805E00331C23 /* Increment Build Number */ = {
			isa = PBXShellScriptBuildPhase;
			buildActionMask = 2147483647;
			files = (
			);
			inputPaths = (
			);
			name = "Increment Build Number";
			outputPaths = (
			);
			runOnlyForDeploymentPostprocessing = 0;
			shellPath = /bin/sh;
			shellScript = "buildNumber=$(/usr/libexec/PlistBuddy -c \"Print CFBundleVersion\" \"${PROJECT_DIR}/${INFOPLIST_FILE}\")\nbuildNumber=$(($buildNumber + 1))\n/usr/libexec/PlistBuddy -c \"Set :CFBundleVersion $buildNumber\" \"${PROJECT_DIR}/${INFOPLIST_FILE}\"";
		};
		72E2A8A099B0A9A23F34A047 /* [CP] Check Pods Manifest.lock */ = {
			isa = PBXShellScriptBuildPhase;
			buildActionMask = 2147483647;
			files = (
			);
			inputPaths = (
			);
			name = "[CP] Check Pods Manifest.lock";
			outputPaths = (
			);
			runOnlyForDeploymentPostprocessing = 0;
			shellPath = /bin/sh;
			shellScript = "diff \"${PODS_ROOT}/../Podfile.lock\" \"${PODS_ROOT}/Manifest.lock\" > /dev/null\nif [ $? != 0 ] ; then\n    # print error to STDERR\n    echo \"error: The sandbox is not in sync with the Podfile.lock. Run 'pod install' or update your CocoaPods installation.\" >&2\n    exit 1\nfi\n";
			showEnvVarsInLog = 0;
		};
		D2CB3D7C455B6DB7CDF82915 /* [CP] Embed Pods Frameworks */ = {
			isa = PBXShellScriptBuildPhase;
			buildActionMask = 2147483647;
			files = (
			);
			inputPaths = (
			);
			name = "[CP] Embed Pods Frameworks";
			outputPaths = (
			);
			runOnlyForDeploymentPostprocessing = 0;
			shellPath = /bin/sh;
			shellScript = "\"${SRCROOT}/Pods/Target Support Files/Pods-YouBreaking/Pods-YouBreaking-frameworks.sh\"\n";
			showEnvVarsInLog = 0;
		};
		E69AE55CCD52BF86D2446273 /* [CP] Copy Pods Resources */ = {
			isa = PBXShellScriptBuildPhase;
			buildActionMask = 2147483647;
			files = (
			);
			inputPaths = (
			);
			name = "[CP] Copy Pods Resources";
			outputPaths = (
			);
			runOnlyForDeploymentPostprocessing = 0;
			shellPath = /bin/sh;
			shellScript = "\"${SRCROOT}/Pods/Target Support Files/Pods-YouBreaking/Pods-YouBreaking-resources.sh\"\n";
			showEnvVarsInLog = 0;
		};
/* End PBXShellScriptBuildPhase section */

/* Begin PBXSourcesBuildPhase section */
		6CD1D56A1E3F86AF00C3208D /* Sources */ = {
			isa = PBXSourcesBuildPhase;
			buildActionMask = 2147483647;
			files = (
				6CA737411E7BF9B3002AA51E /* UserListaNotiziaController.swift in Sources */,
				6C74C5531E43407500CE8107 /* ScriviNotiziaController.swift in Sources */,
				6C7C927F1E4CA5C900CA0DA7 /* Colors.swift in Sources */,
				6C84E4071E78082800871F9A /* PagedTableController.swift in Sources */,
				6CCF4F251E65CF5900842585 /* NewsController.swift in Sources */,
				6C8D997A1E5DAF2B00D1C60C /* LocationSearchTable.swift in Sources */,
				6CE57A3D1E5B0075003F3EB1 /* SelectPhotoCell.swift in Sources */,
				6CA737451E7C287B002AA51E /* Enums.swift in Sources */,
				6C35FE741E488EC600373DC6 /* SearchEventController.swift in Sources */,
				6C84E4011E78065000871F9A /* Extensions.swift in Sources */,
				6C7D6BBB1E7AEBB700A32FCD /* NewsUsersTableViewController.swift in Sources */,
				6CA0E7221E44EC3E0086D9BB /* VotaController.swift in Sources */,
				6C74C5511E433FEC00CE8107 /* MainTabBarController.swift in Sources */,
				6CCF4F291E65D58500842585 /* NewsTextTableViewController.swift in Sources */,
				6CA5012C1E798CDA0098CAE9 /* Protocols.swift in Sources */,
				6C35FE701E487D0000373DC6 /* EventPageController.swift in Sources */,
				6CA7373D1E7BF2E2002AA51E /* AuthorViewController.swift in Sources */,
				6CA0E7261E44EF930086D9BB /* VoteCard.swift in Sources */,
				6C8E50AA1E4B13040013B8E8 /* SettingsController.swift in Sources */,
				6C74C54D1E43347100CE8107 /* ModelNotizie.swift in Sources */,
				6CA7374A1E7C377D002AA51E /* LoginViewController.swift in Sources */,
				6CA737431E7C265D002AA51E /* BreakingController.swift in Sources */,
				6CCF4F271E65D0EC00842585 /* NewsPagesController.swift in Sources */,
				6C74C54B1E4333D000CE8107 /* NotiziaCell.swift in Sources */,
				6C14446A1E54CDBE00E1AC5E /* NavigationRed.swift in Sources */,
				6CD1D5721E3F86AF00C3208D /* AppDelegate.swift in Sources */,
				6C5727231E4B84570047B199 /* SelectLocationSettingsController.swift in Sources */,
				6C14446C1E54CF1100E1AC5E /* NotizieController.swift in Sources */,
				6C84E40A1E780B8800871F9A /* UserPublishedNotiziaCell.swift in Sources */,
				6C84E4051E7807C000871F9A /* UserPublishedNewsController.swift in Sources */,
				6CE147621E51BDBA00E22AB3 /* ListaNotizieGiaVotateController.swift in Sources */,
				6C74C54F1E433DE700CE8107 /* Images.swift in Sources */,
				6C84E3FF1E7803BC00871F9A /* ListTableViewProtocol.swift in Sources */,
				6CA7373F1E7BF944002AA51E /* SelectAuthorSectionsTableViewController.swift in Sources */,
				6C74C5491E4333B500CE8107 /* ListaNotizieController.swift in Sources */,
				6C351B3F1E40D8D40057309C /* LoginUtils.swift in Sources */,
				6C7D6BBD1E7B124E00A32FCD /* NewsInfoViewController.swift in Sources */,
				6C8D99781E5DA70E00D1C60C /* MapSearchLocationController.swift in Sources */,
			);
			runOnlyForDeploymentPostprocessing = 0;
		};
/* End PBXSourcesBuildPhase section */

/* Begin PBXVariantGroup section */
		6C8D99721E5D949700D1C60C /* Single.storyboard */ = {
			isa = PBXVariantGroup;
			children = (
				6C8D99731E5D949700D1C60C /* Base */,
			);
			name = Single.storyboard;
			sourceTree = "<group>";
		};
		6C9F2D3A1E41E89B0002C782 /* Landing.storyboard */ = {
			isa = PBXVariantGroup;
			children = (
				6C9F2D3B1E41E89B0002C782 /* Base */,
			);
			name = Landing.storyboard;
			sourceTree = "<group>";
		};
		6CE26B911E5DE9D6005F73D8 /* LocationPicker.storyboard */ = {
			isa = PBXVariantGroup;
			children = (
				6CE26B921E5DE9D6005F73D8 /* Base */,
			);
			name = LocationPicker.storyboard;
			sourceTree = "<group>";
		};
		6CF47D0B1E4CC68600BE5F08 /* Main.storyboard */ = {
			isa = PBXVariantGroup;
			children = (
				6CF47D0C1E4CC68600BE5F08 /* Base */,
			);
			name = Main.storyboard;
			sourceTree = "<group>";
		};
/* End PBXVariantGroup section */

/* Begin XCBuildConfiguration section */
		6CD1D57E1E3F86AF00C3208D /* Debug */ = {
			isa = XCBuildConfiguration;
			buildSettings = {
				ALWAYS_SEARCH_USER_PATHS = NO;
				CLANG_ANALYZER_NONNULL = YES;
				CLANG_CXX_LANGUAGE_STANDARD = "gnu++0x";
				CLANG_CXX_LIBRARY = "libc++";
				CLANG_ENABLE_MODULES = YES;
				CLANG_ENABLE_OBJC_ARC = YES;
				CLANG_WARN_BOOL_CONVERSION = YES;
				CLANG_WARN_CONSTANT_CONVERSION = YES;
				CLANG_WARN_DIRECT_OBJC_ISA_USAGE = YES_ERROR;
				CLANG_WARN_DOCUMENTATION_COMMENTS = YES;
				CLANG_WARN_EMPTY_BODY = YES;
				CLANG_WARN_ENUM_CONVERSION = YES;
				CLANG_WARN_INFINITE_RECURSION = YES;
				CLANG_WARN_INT_CONVERSION = YES;
				CLANG_WARN_OBJC_ROOT_CLASS = YES_ERROR;
				CLANG_WARN_SUSPICIOUS_MOVE = YES;
				CLANG_WARN_UNREACHABLE_CODE = YES;
				CLANG_WARN__DUPLICATE_METHOD_MATCH = YES;
				"CODE_SIGN_IDENTITY[sdk=iphoneos*]" = "iPhone Developer";
				COPY_PHASE_STRIP = NO;
				DEBUG_INFORMATION_FORMAT = dwarf;
				ENABLE_STRICT_OBJC_MSGSEND = YES;
				ENABLE_TESTABILITY = YES;
				GCC_C_LANGUAGE_STANDARD = gnu99;
				GCC_DYNAMIC_NO_PIC = NO;
				GCC_NO_COMMON_BLOCKS = YES;
				GCC_OPTIMIZATION_LEVEL = 0;
				GCC_PREPROCESSOR_DEFINITIONS = (
					"DEBUG=1",
					"$(inherited)",
				);
				GCC_WARN_64_TO_32_BIT_CONVERSION = YES;
				GCC_WARN_ABOUT_RETURN_TYPE = YES_ERROR;
				GCC_WARN_UNDECLARED_SELECTOR = YES;
				GCC_WARN_UNINITIALIZED_AUTOS = YES_AGGRESSIVE;
				GCC_WARN_UNUSED_FUNCTION = YES;
				GCC_WARN_UNUSED_VARIABLE = YES;
				IPHONEOS_DEPLOYMENT_TARGET = 10.2;
				MTL_ENABLE_DEBUG_INFO = YES;
				ONLY_ACTIVE_ARCH = YES;
				SDKROOT = iphoneos;
				SWIFT_ACTIVE_COMPILATION_CONDITIONS = DEBUG;
				SWIFT_OPTIMIZATION_LEVEL = "-Onone";
			};
			name = Debug;
		};
		6CD1D57F1E3F86AF00C3208D /* Release */ = {
			isa = XCBuildConfiguration;
			buildSettings = {
				ALWAYS_SEARCH_USER_PATHS = NO;
				CLANG_ANALYZER_NONNULL = YES;
				CLANG_CXX_LANGUAGE_STANDARD = "gnu++0x";
				CLANG_CXX_LIBRARY = "libc++";
				CLANG_ENABLE_MODULES = YES;
				CLANG_ENABLE_OBJC_ARC = YES;
				CLANG_WARN_BOOL_CONVERSION = YES;
				CLANG_WARN_CONSTANT_CONVERSION = YES;
				CLANG_WARN_DIRECT_OBJC_ISA_USAGE = YES_ERROR;
				CLANG_WARN_DOCUMENTATION_COMMENTS = YES;
				CLANG_WARN_EMPTY_BODY = YES;
				CLANG_WARN_ENUM_CONVERSION = YES;
				CLANG_WARN_INFINITE_RECURSION = YES;
				CLANG_WARN_INT_CONVERSION = YES;
				CLANG_WARN_OBJC_ROOT_CLASS = YES_ERROR;
				CLANG_WARN_SUSPICIOUS_MOVE = YES;
				CLANG_WARN_UNREACHABLE_CODE = YES;
				CLANG_WARN__DUPLICATE_METHOD_MATCH = YES;
				"CODE_SIGN_IDENTITY[sdk=iphoneos*]" = "iPhone Developer";
				COPY_PHASE_STRIP = NO;
				DEBUG_INFORMATION_FORMAT = "dwarf-with-dsym";
				ENABLE_NS_ASSERTIONS = NO;
				ENABLE_STRICT_OBJC_MSGSEND = YES;
				GCC_C_LANGUAGE_STANDARD = gnu99;
				GCC_NO_COMMON_BLOCKS = YES;
				GCC_WARN_64_TO_32_BIT_CONVERSION = YES;
				GCC_WARN_ABOUT_RETURN_TYPE = YES_ERROR;
				GCC_WARN_UNDECLARED_SELECTOR = YES;
				GCC_WARN_UNINITIALIZED_AUTOS = YES_AGGRESSIVE;
				GCC_WARN_UNUSED_FUNCTION = YES;
				GCC_WARN_UNUSED_VARIABLE = YES;
				IPHONEOS_DEPLOYMENT_TARGET = 10.2;
				MTL_ENABLE_DEBUG_INFO = NO;
				SDKROOT = iphoneos;
				SWIFT_OPTIMIZATION_LEVEL = "-Owholemodule";
				VALIDATE_PRODUCT = YES;
			};
			name = Release;
		};
		6CD1D5811E3F86AF00C3208D /* Debug */ = {
			isa = XCBuildConfiguration;
			baseConfigurationReference = 2D6076F57279064C932A81D1 /* Pods-YouBreaking.debug.xcconfig */;
			buildSettings = {
				ASSETCATALOG_COMPILER_APPICON_NAME = AppIcon;
				CODE_SIGN_ENTITLEMENTS = YouBreaking/YouBreaking.entitlements;
				DEVELOPMENT_TEAM = 33VGWYZGV4;
				FRAMEWORK_SEARCH_PATHS = (
					"$(inherited)",
					"$(PROJECT_DIR)",
					/Users/playrom/Projects/Tesi/FacebookSDK,
				);
				INFOPLIST_FILE = YouBreaking/Info.plist;
				IPHONEOS_DEPLOYMENT_TARGET = 10.0;
				LD_RUNPATH_SEARCH_PATHS = "$(inherited) @executable_path/Frameworks";
				PRODUCT_BUNDLE_IDENTIFIER = com.giorgioromano.news.youbreaking;
				PRODUCT_NAME = "$(TARGET_NAME)";
				SWIFT_VERSION = 3.0;
			};
			name = Debug;
		};
		6CD1D5821E3F86AF00C3208D /* Release */ = {
			isa = XCBuildConfiguration;
			baseConfigurationReference = B0758A2356D1775863692479 /* Pods-YouBreaking.release.xcconfig */;
			buildSettings = {
				ASSETCATALOG_COMPILER_APPICON_NAME = AppIcon;
				CODE_SIGN_ENTITLEMENTS = YouBreaking/YouBreaking.entitlements;
				DEVELOPMENT_TEAM = 33VGWYZGV4;
				FRAMEWORK_SEARCH_PATHS = (
					"$(inherited)",
					"$(PROJECT_DIR)",
					/Users/playrom/Projects/Tesi/FacebookSDK,
				);
				INFOPLIST_FILE = YouBreaking/Info_Production.plist;
				IPHONEOS_DEPLOYMENT_TARGET = 10.0;
				LD_RUNPATH_SEARCH_PATHS = "$(inherited) @executable_path/Frameworks";
				PRODUCT_BUNDLE_IDENTIFIER = com.giorgioromano.news.youbreaking;
				PRODUCT_NAME = "$(TARGET_NAME)";
				SWIFT_VERSION = 3.0;
			};
			name = Release;
		};
/* End XCBuildConfiguration section */

/* Begin XCConfigurationList section */
		6CD1D5691E3F86AF00C3208D /* Build configuration list for PBXProject "YouBreaking" */ = {
			isa = XCConfigurationList;
			buildConfigurations = (
				6CD1D57E1E3F86AF00C3208D /* Debug */,
				6CD1D57F1E3F86AF00C3208D /* Release */,
			);
			defaultConfigurationIsVisible = 0;
			defaultConfigurationName = Release;
		};
		6CD1D5801E3F86AF00C3208D /* Build configuration list for PBXNativeTarget "YouBreaking" */ = {
			isa = XCConfigurationList;
			buildConfigurations = (
				6CD1D5811E3F86AF00C3208D /* Debug */,
				6CD1D5821E3F86AF00C3208D /* Release */,
			);
			defaultConfigurationIsVisible = 0;
			defaultConfigurationName = Release;
		};
/* End XCConfigurationList section */
	};
	rootObject = 6CD1D5661E3F86AF00C3208D /* Project object */;
}
